
Microsoft Visual Studio Solution File, Format Version 12.00
# Visual Studio 14
VisualStudioVersion = 14.0.25420.1
MinimumVisualStudioVersion = 10.0.40219.1
Project("{FAE04EC0-301F-11D3-BF4B-00C04F79EFBC}") = "DND4E", "DND4E\DND4E.csproj", "{F1F3FA2F-99BF-4C7E-A9F1-626A8CE7CAB6}"
EndProject
Project("{FAE04EC0-301F-11D3-BF4B-00C04F79EFBC}") = "DND4ETests", "DND4ETests\DND4ETests.csproj", "{86D8BDE2-A433-43AA-A0A9-E924489CE4EE}"
EndProject
Global
	GlobalSection(SolutionConfigurationPlatforms) = preSolution
		Debug|Any CPU = Debug|Any CPU
		Release|Any CPU = Release|Any CPU
	EndGlobalSection
	GlobalSection(ProjectConfigurationPlatforms) = postSolution
		{F1F3FA2F-99BF-4C7E-A9F1-626A8CE7CAB6}.Debug|Any CPU.ActiveCfg = Debug|Any CPU
		{F1F3FA2F-99BF-4C7E-A9F1-626A8CE7CAB6}.Debug|Any CPU.Build.0 = Debug|Any CPU
		{F1F3FA2F-99BF-4C7E-A9F1-626A8CE7CAB6}.Release|Any CPU.ActiveCfg = Release|Any CPU
		{F1F3FA2F-99BF-4C7E-A9F1-626A8CE7CAB6}.Release|Any CPU.Build.0 = Release|Any CPU
		{86D8BDE2-A433-43AA-A0A9-E924489CE4EE}.Debug|Any CPU.ActiveCfg = Debug|Any CPU
		{86D8BDE2-A433-43AA-A0A9-E924489CE4EE}.Debug|Any CPU.Build.0 = Debug|Any CPU
		{86D8BDE2-A433-43AA-A0A9-E924489CE4EE}.Release|Any CPU.ActiveCfg = Release|Any CPU
		{86D8BDE2-A433-43AA-A0A9-E924489CE4EE}.Release|Any CPU.Build.0 = Release|Any CPU
	EndGlobalSection
	GlobalSection(SolutionProperties) = preSolution
		HideSolutionNode = FALSE
	EndGlobalSection
EndGlobal
